
Microsoft Visual Studio Solution File, Format Version 12.00
# Visual Studio Version 16
VisualStudioVersion = 16.0.30413.136
MinimumVisualStudioVersion = 10.0.40219.1
Project("{FAE04EC0-301F-11D3-BF4B-00C04F79EFBC}") = "Document Archiving", "Document Archiving.csproj", "{FE5EF5E4-1F4C-403B-8DE1-59FE9AB16887}"
EndProject
Global
	GlobalSection(SolutionConfigurationPlatforms) = preSolution
		Debug|Any CPU = Debug|Any CPU
		Release|Any CPU = Release|Any CPU
	EndGlobalSection
	GlobalSection(ProjectConfigurationPlatforms) = postSolution
		{FE5EF5E4-1F4C-403B-8DE1-59FE9AB16887}.Debug|Any CPU.ActiveCfg = Debug|Any CPU
		{FE5EF5E4-1F4C-403B-8DE1-59FE9AB16887}.Debug|Any CPU.Build.0 = Debug|Any CPU
		{FE5EF5E4-1F4C-403B-8DE1-59FE9AB16887}.Release|Any CPU.ActiveCfg = Release|Any CPU
		{FE5EF5E4-1F4C-403B-8DE1-59FE9AB16887}.Release|Any CPU.Build.0 = Release|Any CPU
	EndGlobalSection
	GlobalSection(SolutionProperties) = preSolution
		HideSolutionNode = FALSE
	EndGlobalSection
	GlobalSection(ExtensibilityGlobals) = postSolution
		SolutionGuid = {EA062A74-844C-457D-B4B6-E6CA3C73799F}
	EndGlobalSection
EndGlobal
